
Microsoft Visual Studio Solution File, Format Version 12.00
# Visual Studio Version 16
VisualStudioVersion = 16.0.31313.79
MinimumVisualStudioVersion = 10.0.40219.1
Project("{9A19103F-16F7-4668-BE54-9A1E7A4F7556}") = "API", "API.csproj", "{5E3B7AB1-90EA-4994-B5EB-C7385E5287D5}"
EndProject
Project("{9A19103F-16F7-4668-BE54-9A1E7A4F7556}") = "StCORS", "..\SCORS\StCORS.csproj", "{68F2CD41-9A8A-4EC3-BE31-A966EE69C172}"
EndProject
Global
	GlobalSection(SolutionConfigurationPlatforms) = preSolution
		Debug|Any CPU = Debug|Any CPU
		Release|Any CPU = Release|Any CPU
	EndGlobalSection
	GlobalSection(ProjectConfigurationPlatforms) = postSolution
		{5E3B7AB1-90EA-4994-B5EB-C7385E5287D5}.Debug|Any CPU.ActiveCfg = Debug|Any CPU
		{5E3B7AB1-90EA-4994-B5EB-C7385E5287D5}.Debug|Any CPU.Build.0 = Debug|Any CPU
		{5E3B7AB1-90EA-4994-B5EB-C7385E5287D5}.Release|Any CPU.ActiveCfg = Release|Any CPU
		{5E3B7AB1-90EA-4994-B5EB-C7385E5287D5}.Release|Any CPU.Build.0 = Release|Any CPU
		{68F2CD41-9A8A-4EC3-BE31-A966EE69C172}.Debug|Any CPU.ActiveCfg = Debug|Any CPU
		{68F2CD41-9A8A-4EC3-BE31-A966EE69C172}.Debug|Any CPU.Build.0 = Debug|Any CPU
		{68F2CD41-9A8A-4EC3-BE31-A966EE69C172}.Release|Any CPU.ActiveCfg = Release|Any CPU
		{68F2CD41-9A8A-4EC3-BE31-A966EE69C172}.Release|Any CPU.Build.0 = Release|Any CPU
	EndGlobalSection
	GlobalSection(SolutionProperties) = preSolution
		HideSolutionNode = FALSE
	EndGlobalSection
	GlobalSection(ExtensibilityGlobals) = postSolution
		SolutionGuid = {F794BFF2-5D68-4945-94CD-26EE058A36D0}
	EndGlobalSection
EndGlobal
